
Microsoft Visual Studio Solution File, Format Version 12.00
# Visual Studio Version 16
VisualStudioVersion = 16.0.30001.183
MinimumVisualStudioVersion = 10.0.40219.1
Project("{FAE04EC0-301F-11D3-BF4B-00C04F79EFBC}") = "TRMDataManager", "TRMDataManager\TRMDataManager.csproj", "{BAABAFBC-D0EE-440C-A1F4-1ECF0EAF49FE}"
EndProject
Project("{00D1A9C2-B5F0-4AF3-8072-F6C62B433612}") = "TRMData", "TRMData\TRMData.sqlproj", "{AFE66FA6-8079-4356-9DEB-64E09EEC282A}"
EndProject
Project("{FAE04EC0-301F-11D3-BF4B-00C04F79EFBC}") = "TRMDesktopUI", "TRMDesktopUI\TRMDesktopUI.csproj", "{713014C4-A26F-481E-A7E2-A6F01F38BF1D}"
EndProject
Project("{FAE04EC0-301F-11D3-BF4B-00C04F79EFBC}") = "TRMDataManager.Library", "TRMDataManager.Library\TRMDataManager.Library.csproj", "{58AD10A0-F444-44BC-B53E-1624A72D4D75}"
EndProject
Project("{FAE04EC0-301F-11D3-BF4B-00C04F79EFBC}") = "TRMDesktopUI.Library", "TRMDesktopUI.Library\TRMDesktopUI.Library.csproj", "{B4CC1C37-118D-417B-92E1-0529BF0CACE3}"
EndProject
Project("{2150E333-8FDC-42A3-9474-1A3956D46DE8}") = "TRM.Database", "TRM.Database", "{453109E5-913D-4579-96C8-61134BF99DBE}"
EndProject
Project("{2150E333-8FDC-42A3-9474-1A3956D46DE8}") = "TRM.WebAPI", "TRM.WebAPI", "{1CF25CC2-CDB2-4ECD-81D5-0165C5ADE56F}"
EndProject
Project("{2150E333-8FDC-42A3-9474-1A3956D46DE8}") = "TRM.Desktop", "TRM.Desktop", "{59ACB3E7-41F6-43BA-9200-B5C6C21672E1}"
EndProject
Global
	GlobalSection(SolutionConfigurationPlatforms) = preSolution
		Debug|Any CPU = Debug|Any CPU
		Release|Any CPU = Release|Any CPU
	EndGlobalSection
	GlobalSection(ProjectConfigurationPlatforms) = postSolution
		{BAABAFBC-D0EE-440C-A1F4-1ECF0EAF49FE}.Debug|Any CPU.ActiveCfg = Debug|Any CPU
		{BAABAFBC-D0EE-440C-A1F4-1ECF0EAF49FE}.Debug|Any CPU.Build.0 = Debug|Any CPU
		{BAABAFBC-D0EE-440C-A1F4-1ECF0EAF49FE}.Release|Any CPU.ActiveCfg = Release|Any CPU
		{BAABAFBC-D0EE-440C-A1F4-1ECF0EAF49FE}.Release|Any CPU.Build.0 = Release|Any CPU
		{AFE66FA6-8079-4356-9DEB-64E09EEC282A}.Debug|Any CPU.ActiveCfg = Debug|Any CPU
		{AFE66FA6-8079-4356-9DEB-64E09EEC282A}.Debug|Any CPU.Build.0 = Debug|Any CPU
		{AFE66FA6-8079-4356-9DEB-64E09EEC282A}.Debug|Any CPU.Deploy.0 = Debug|Any CPU
		{AFE66FA6-8079-4356-9DEB-64E09EEC282A}.Release|Any CPU.ActiveCfg = Release|Any CPU
		{AFE66FA6-8079-4356-9DEB-64E09EEC282A}.Release|Any CPU.Build.0 = Release|Any CPU
		{AFE66FA6-8079-4356-9DEB-64E09EEC282A}.Release|Any CPU.Deploy.0 = Release|Any CPU
		{713014C4-A26F-481E-A7E2-A6F01F38BF1D}.Debug|Any CPU.ActiveCfg = Debug|Any CPU
		{713014C4-A26F-481E-A7E2-A6F01F38BF1D}.Debug|Any CPU.Build.0 = Debug|Any CPU
		{713014C4-A26F-481E-A7E2-A6F01F38BF1D}.Release|Any CPU.ActiveCfg = Release|Any CPU
		{713014C4-A26F-481E-A7E2-A6F01F38BF1D}.Release|Any CPU.Build.0 = Release|Any CPU
		{58AD10A0-F444-44BC-B53E-1624A72D4D75}.Debug|Any CPU.ActiveCfg = Debug|Any CPU
		{58AD10A0-F444-44BC-B53E-1624A72D4D75}.Debug|Any CPU.Build.0 = Debug|Any CPU
		{58AD10A0-F444-44BC-B53E-1624A72D4D75}.Release|Any CPU.ActiveCfg = Release|Any CPU
		{58AD10A0-F444-44BC-B53E-1624A72D4D75}.Release|Any CPU.Build.0 = Release|Any CPU
		{B4CC1C37-118D-417B-92E1-0529BF0CACE3}.Debug|Any CPU.ActiveCfg = Debug|Any CPU
		{B4CC1C37-118D-417B-92E1-0529BF0CACE3}.Debug|Any CPU.Build.0 = Debug|Any CPU
		{B4CC1C37-118D-417B-92E1-0529BF0CACE3}.Release|Any CPU.ActiveCfg = Release|Any CPU
		{B4CC1C37-118D-417B-92E1-0529BF0CACE3}.Release|Any CPU.Build.0 = Release|Any CPU
	EndGlobalSection
	GlobalSection(SolutionProperties) = preSolution
		HideSolutionNode = FALSE
	EndGlobalSection
	GlobalSection(NestedProjects) = preSolution
		{BAABAFBC-D0EE-440C-A1F4-1ECF0EAF49FE} = {1CF25CC2-CDB2-4ECD-81D5-0165C5ADE56F}
		{AFE66FA6-8079-4356-9DEB-64E09EEC282A} = {453109E5-913D-4579-96C8-61134BF99DBE}
		{713014C4-A26F-481E-A7E2-A6F01F38BF1D} = {59ACB3E7-41F6-43BA-9200-B5C6C21672E1}
		{58AD10A0-F444-44BC-B53E-1624A72D4D75} = {1CF25CC2-CDB2-4ECD-81D5-0165C5ADE56F}
		{B4CC1C37-118D-417B-92E1-0529BF0CACE3} = {59ACB3E7-41F6-43BA-9200-B5C6C21672E1}
	EndGlobalSection
	GlobalSection(ExtensibilityGlobals) = postSolution
		SolutionGuid = {DD915EF1-1DC5-4B42-9F57-D75444A47A43}
	EndGlobalSection
EndGlobal
